
Microsoft Visual Studio Solution File, Format Version 12.00
# Visual Studio Version 17
VisualStudioVersion = 17.0.31919.166
MinimumVisualStudioVersion = 10.0.40219.1
Project("{FAE04EC0-301F-11D3-BF4B-00C04F79EFBC}") = "CBC", "CBC.csproj", "{8D903165-FB01-48D8-8133-B399FBB5DDCA}"
EndProject
Global
	GlobalSection(SolutionConfigurationPlatforms) = preSolution
		Debug|Any CPU = Debug|Any CPU
		Release|Any CPU = Release|Any CPU
	EndGlobalSection
	GlobalSection(ProjectConfigurationPlatforms) = postSolution
		{8D903165-FB01-48D8-8133-B399FBB5DDCA}.Debug|Any CPU.ActiveCfg = Debug|Any CPU
		{8D903165-FB01-48D8-8133-B399FBB5DDCA}.Debug|Any CPU.Build.0 = Debug|Any CPU
		{8D903165-FB01-48D8-8133-B399FBB5DDCA}.Release|Any CPU.ActiveCfg = Release|Any CPU
		{8D903165-FB01-48D8-8133-B399FBB5DDCA}.Release|Any CPU.Build.0 = Release|Any CPU
	EndGlobalSection
	GlobalSection(SolutionProperties) = preSolution
		HideSolutionNode = FALSE
	EndGlobalSection
	GlobalSection(ExtensibilityGlobals) = postSolution
		SolutionGuid = {4AA4EE8B-7A80-4E40-B518-F211947B9A63}
	EndGlobalSection
EndGlobal
